58f8da642d6a018172582e891fe8f3216176b0c8bbaaf9c50d46355012484e5f  lib/tagged.cyr
800765b5debdc9e14032f994d20c789139314718f9e35667b86258848026e7ce  lib/str.cyr
15463a1fb581b9fa3d8fabaad4301c1a2b90a653a5e14b24e5e751514850a0a2  lib/alloc_macos.cyr
f5ecfdd9b6ee02914a1a3b542fec7559aa66e4830b852ee80e28e410a1fcc4f1  lib/freelist.cyr
a8ae4f1396d23bff31a4c22c53be396b4624dcd763f5a9de81d4933a07beae9e  lib/test.cyr
30eaa438ad0026a2efcfbbfd5ea54ac767dda34ade572ada8e72bd34f1e3369b  lib/sakshi.cyr
096eabc580c807f3e378fbe56058780a28cdf95b9c70b44672bca0a71cf969f6  lib/ct.cyr
5f6cbdc4dc19cdd43f563388b28bc9df676c638b3e0eb134e55ddae57c072198  lib/atomic.cyr
6e4862889dd17d89afc2104657b50161165258ce075f2217eefd8aee9a133cca  lib/agnosys.cyr
48ee8f0ee8e5af43f1fcd514fd6a5ca366abb889e074c2f52231f39f20c43b54  lib/string.cyr
72fd7f8fbb66ba71af2ff08775bce6b9a7a90c01443c916c61fa482790d1db79  lib/process.cyr
2319bcdd657ddb211398e81bafb132704248341317113616a70591880a781060  lib/alloc.cyr
aa182be9b313ed7c250535615f5572b42e86b7fab5e8fcd78b7737ab307123a0  lib/sigil.cyr
8d1618be4e0fa74db89b4173d13ec1c534482fffc66a416f1462d25b02c2b289  lib/syscalls_x86_64_linux.cyr
150bb9efad587ae139d8df81d62c7578c8ab20d3c6964004908929657b597c12  lib/fmt.cyr
c9e220ca9bcb929cbc682e9b7eed7086b3b5a90474d562b600e137fde85eb7f0  lib/assert.cyr
36dd405ec1cca1c5096c2ffb22da3abf7276010b7a0cb5dff52fd060c211d1d6  lib/patra.cyr
757d66b797152829b810d074ddcc4756de100303bab6ccc68b419add4dea404c  lib/bigint.cyr
d64edbbf5766c100a96bd7562055397cc4424227fbafbfefcf6523c78b6c78ee  lib/chrono.cyr
778d6d262948a6e645af85c36d507d6d0430a54d682a6b4181a101eed9cc5056  lib/syscalls.cyr
f362ed6f1f4064dfcbc72b32892c2917ff80119a583bfdfa948771e115eb8de0  lib/alloc_windows.cyr
72412741cd02d0a4f3fa3b1b397e78af7659aaf991a30b1a5becb12f79b3c1ef  lib/thread.cyr
0aa94bc52f3bc462edc65e9937f4732f17e322b5533508f25962a06f4c184b99  lib/syscalls_aarch64_linux.cyr
7cd60bc51c96d4903e45c179e0d604c2c8f083384ff95b57a24479d499de1f19  lib/bench.cyr
691b8b4c07433b87b679f37e6ab92ef6541752e0148c3fcb25ebd71b80029f7b  lib/keccak.cyr
746ded4adb489629ff0b0cd0f1e37f600e0ec355777cd130ed9eb1dafb3428d4  lib/vec.cyr
1743bbefa34268633f0665dbaf5fa3e20a1f44f344a1ad26943e17c991930508  lib/fs.cyr
81503722a2482a53edb40b98baf7d5922536c6e764e0da6267c17d13558e8545  lib/io.cyr
724cb440922e89ff60c76eba23670eeee53b9d1f3ffdde31ebe2e2f9badda9ed  lib/slice.cyr
51d1ece9ff544e05c430d03771caab9f86d7fffe1c8da58f9616ee15f90777a6  lib/hashmap.cyr
654812b684bbf3a0beaf1ca54c21701fca4f560f8ecb5d6b830b7d1d031fb13a  lib/fnptr.cyr
137d3a72ea9b80ffa77c76bd40cfa0b01c700f98393b62b610c3b3749b2f690a  lib/syscalls_windows.cyr
de4598e4862fdc8d02195688b9aacc91e888d5f6b85d9fac08f4b7af9daaca19  lib/random.cyr
d54b859edbe8ec22b4a8eeebe8aeffc23acb4d1c476acf9892bfee6ae61f149c  lib/json.cyr
55ffe9a910b214a8dd6fcafce5ee1ba5c86ff8e4f7d79f9c32068019bd013c71  lib/result.cyr
