f4aba2b70721b3726b467a7a8833dbf50cf0ee958f062e3a31def37e3caf9f43  lib/sigil.cyr
fb164d1713399c0e246e4fbb027570f5ff43a2cec67972c48e3da1bb1d9d2da1  lib/patra.cyr
3cd95e522962c38ddf606cb2e7cb37bda552a24526a58a85fb22ae07b2596582  lib/agnosys.cyr
c495cb755565754f1b916466336eb577b99b1d12e02d3460a911c812418e4fd5  lib/sakshi.cyr
