52552f0376e34c5105cc263623f0e1fca1aa83d58c5acf706e21264a2a93f4be  lib/sigil.cyr
41b26e710b31866ab1633cc40736709d9f882e3abe0bfefd994177c0d6870937  lib/patra.cyr
c13de3e461911bd4782bf0cd3658fda1f1213b2a428abbd07f16956b100ad20b  lib/agnosys.cyr
30eaa438ad0026a2efcfbbfd5ea54ac767dda34ade572ada8e72bd34f1e3369b  lib/sakshi.cyr
